
Microsoft Visual Studio Solution File, Format Version 12.00
# Visual Studio Version 16
VisualStudioVersion = 16.0.30804.86
MinimumVisualStudioVersion = 10.0.40219.1
Project("{9A19103F-16F7-4668-BE54-9A1E7A4F7556}") = "KitchenChallenge.API", "KitchenChallenge\KitchenChallenge.API.csproj", "{53690C2D-12A0-4D9F-A3D0-A9AC94675263}"
EndProject
Project("{9A19103F-16F7-4668-BE54-9A1E7A4F7556}") = "KitchenChallenge.Application", "KitchenChallengeApplication\KitchenChallenge.Application.csproj", "{5456067A-8A8A-4677-B30F-1FB34673DB6A}"
EndProject
Project("{9A19103F-16F7-4668-BE54-9A1E7A4F7556}") = "KitchenChallenge.Domain", "KitchenChallenge.Domain\KitchenChallenge.Domain.csproj", "{B8D5CE95-3743-4140-AC61-19302B13404B}"
EndProject
Project("{FAE04EC0-301F-11D3-BF4B-00C04F79EFBC}") = "KitchenChallenge.Tests", "KitchenChallenge.Tests\KitchenChallenge.Tests.csproj", "{A2E99274-2ED0-4F26-AF0F-DF8998AB8F81}"
EndProject
Global
	GlobalSection(SolutionConfigurationPlatforms) = preSolution
		Debug|Any CPU = Debug|Any CPU
		Release|Any CPU = Release|Any CPU
	EndGlobalSection
	GlobalSection(ProjectConfigurationPlatforms) = postSolution
		{53690C2D-12A0-4D9F-A3D0-A9AC94675263}.Debug|Any CPU.ActiveCfg = Debug|Any CPU
		{53690C2D-12A0-4D9F-A3D0-A9AC94675263}.Debug|Any CPU.Build.0 = Debug|Any CPU
		{53690C2D-12A0-4D9F-A3D0-A9AC94675263}.Release|Any CPU.ActiveCfg = Release|Any CPU
		{53690C2D-12A0-4D9F-A3D0-A9AC94675263}.Release|Any CPU.Build.0 = Release|Any CPU
		{5456067A-8A8A-4677-B30F-1FB34673DB6A}.Debug|Any CPU.ActiveCfg = Debug|Any CPU
		{5456067A-8A8A-4677-B30F-1FB34673DB6A}.Debug|Any CPU.Build.0 = Debug|Any CPU
		{5456067A-8A8A-4677-B30F-1FB34673DB6A}.Release|Any CPU.ActiveCfg = Release|Any CPU
		{5456067A-8A8A-4677-B30F-1FB34673DB6A}.Release|Any CPU.Build.0 = Release|Any CPU
		{B8D5CE95-3743-4140-AC61-19302B13404B}.Debug|Any CPU.ActiveCfg = Debug|Any CPU
		{B8D5CE95-3743-4140-AC61-19302B13404B}.Debug|Any CPU.Build.0 = Debug|Any CPU
		{B8D5CE95-3743-4140-AC61-19302B13404B}.Release|Any CPU.ActiveCfg = Release|Any CPU
		{B8D5CE95-3743-4140-AC61-19302B13404B}.Release|Any CPU.Build.0 = Release|Any CPU
		{A2E99274-2ED0-4F26-AF0F-DF8998AB8F81}.Debug|Any CPU.ActiveCfg = Debug|Any CPU
		{A2E99274-2ED0-4F26-AF0F-DF8998AB8F81}.Debug|Any CPU.Build.0 = Debug|Any CPU
		{A2E99274-2ED0-4F26-AF0F-DF8998AB8F81}.Release|Any CPU.ActiveCfg = Release|Any CPU
		{A2E99274-2ED0-4F26-AF0F-DF8998AB8F81}.Release|Any CPU.Build.0 = Release|Any CPU
	EndGlobalSection
	GlobalSection(SolutionProperties) = preSolution
		HideSolutionNode = FALSE
	EndGlobalSection
	GlobalSection(ExtensibilityGlobals) = postSolution
		SolutionGuid = {EC9D1855-2363-4A44-909A-3DC4A052876F}
	EndGlobalSection
EndGlobal
